
Microsoft Visual Studio Solution File, Format Version 12.00
# Visual Studio Version 17
VisualStudioVersion = 17.1.32210.238
MinimumVisualStudioVersion = 10.0.40219.1
Project("{FAE04EC0-301F-11D3-BF4B-00C04F79EFBC}") = "MiddlewareExample", "MiddlewareExample\MiddlewareExample.csproj", "{FB22CDAD-B04F-418A-B069-AB241936000D}"
EndProject
Global
	GlobalSection(SolutionConfigurationPlatforms) = preSolution
		Debug|Any CPU = Debug|Any CPU
		Release|Any CPU = Release|Any CPU
	EndGlobalSection
	GlobalSection(ProjectConfigurationPlatforms) = postSolution
		{FB22CDAD-B04F-418A-B069-AB241936000D}.Debug|Any CPU.ActiveCfg = Debug|Any CPU
		{FB22CDAD-B04F-418A-B069-AB241936000D}.Debug|Any CPU.Build.0 = Debug|Any CPU
		{FB22CDAD-B04F-418A-B069-AB241936000D}.Release|Any CPU.ActiveCfg = Release|Any CPU
		{FB22CDAD-B04F-418A-B069-AB241936000D}.Release|Any CPU.Build.0 = Release|Any CPU
	EndGlobalSection
	GlobalSection(SolutionProperties) = preSolution
		HideSolutionNode = FALSE
	EndGlobalSection
	GlobalSection(ExtensibilityGlobals) = postSolution
		SolutionGuid = {6B4ED5CC-16B2-4440-B556-3B95C62FFD05}
	EndGlobalSection
EndGlobal
